
Microsoft Visual Studio Solution File, Format Version 12.00
# Visual Studio Version 17
VisualStudioVersion = 17.11.35327.3
MinimumVisualStudioVersion = 10.0.40219.1
Project("{FAE04EC0-301F-11D3-BF4B-00C04F79EFBC}") = "WebApplication1", "WebApplication1.csproj", "{67093695-E308-4AB7-8E66-A625145C71E6}"
EndProject
Global
	GlobalSection(SolutionConfigurationPlatforms) = preSolution
		Debug|Any CPU = Debug|Any CPU
		Release|Any CPU = Release|Any CPU
	EndGlobalSection
	GlobalSection(ProjectConfigurationPlatforms) = postSolution
		{67093695-E308-4AB7-8E66-A625145C71E6}.Debug|Any CPU.ActiveCfg = Debug|Any CPU
		{67093695-E308-4AB7-8E66-A625145C71E6}.Debug|Any CPU.Build.0 = Debug|Any CPU
		{67093695-E308-4AB7-8E66-A625145C71E6}.Release|Any CPU.ActiveCfg = Release|Any CPU
		{67093695-E308-4AB7-8E66-A625145C71E6}.Release|Any CPU.Build.0 = Release|Any CPU
	EndGlobalSection
	GlobalSection(SolutionProperties) = preSolution
		HideSolutionNode = FALSE
	EndGlobalSection
	GlobalSection(ExtensibilityGlobals) = postSolution
		SolutionGuid = {E6463794-648B-40B7-B08A-AA6DE06AFC55}
	EndGlobalSection
EndGlobal
